<Solution>
  <Project Path="Notrelix.Application/Notrelix.Application.csproj" />
  <Project Path="Notrelix.Domain/Notrelix.Domain.csproj" />
  <Project Path="Notrelix.Infrastructure/Notrelix.Infrastructure.csproj" />
  <Project Path="Notrelix.Tests/Notrelix.Tests.csproj" />
  <Project Path="Notrelix.API/Notrelix.API.csproj" />
</Solution>
